
Microsoft Visual Studio Solution File, Format Version 12.00
# Visual Studio Version 17
VisualStudioVersion = 17.11.35327.3
MinimumVisualStudioVersion = 10.0.40219.1
Project("{FAE04EC0-301F-11D3-BF4B-00C04F79EFBC}") = "PositivosNegativosEnUnaMatriz", "PositivosNegativosEnUnaMatriz\PositivosNegativosEnUnaMatriz.csproj", "{192B4B60-6F99-4C17-A94F-E62380DE4101}"
EndProject
Global
	GlobalSection(SolutionConfigurationPlatforms) = preSolution
		Debug|Any CPU = Debug|Any CPU
		Release|Any CPU = Release|Any CPU
	EndGlobalSection
	GlobalSection(ProjectConfigurationPlatforms) = postSolution
		{192B4B60-6F99-4C17-A94F-E62380DE4101}.Debug|Any CPU.ActiveCfg = Debug|Any CPU
		{192B4B60-6F99-4C17-A94F-E62380DE4101}.Debug|Any CPU.Build.0 = Debug|Any CPU
		{192B4B60-6F99-4C17-A94F-E62380DE4101}.Release|Any CPU.ActiveCfg = Release|Any CPU
		{192B4B60-6F99-4C17-A94F-E62380DE4101}.Release|Any CPU.Build.0 = Release|Any CPU
	EndGlobalSection
	GlobalSection(SolutionProperties) = preSolution
		HideSolutionNode = FALSE
	EndGlobalSection
	GlobalSection(ExtensibilityGlobals) = postSolution
		SolutionGuid = {35FC89CF-DF25-4B46-9B83-18C3F5A5894F}
	EndGlobalSection
EndGlobal
