
Microsoft Visual Studio Solution File, Format Version 12.00
# Visual Studio Version 17
VisualStudioVersion = 17.11.35327.3
MinimumVisualStudioVersion = 10.0.40219.1
Project("{FAE04EC0-301F-11D3-BF4B-00C04F79EFBC}") = "NumeroDeDigitos", "NumeroDeDigitos\NumeroDeDigitos.csproj", "{90FFF051-4CF9-4962-B7AC-23701D9DD90E}"
EndProject
Global
	GlobalSection(SolutionConfigurationPlatforms) = preSolution
		Debug|Any CPU = Debug|Any CPU
		Release|Any CPU = Release|Any CPU
	EndGlobalSection
	GlobalSection(ProjectConfigurationPlatforms) = postSolution
		{90FFF051-4CF9-4962-B7AC-23701D9DD90E}.Debug|Any CPU.ActiveCfg = Debug|Any CPU
		{90FFF051-4CF9-4962-B7AC-23701D9DD90E}.Debug|Any CPU.Build.0 = Debug|Any CPU
		{90FFF051-4CF9-4962-B7AC-23701D9DD90E}.Release|Any CPU.ActiveCfg = Release|Any CPU
		{90FFF051-4CF9-4962-B7AC-23701D9DD90E}.Release|Any CPU.Build.0 = Release|Any CPU
	EndGlobalSection
	GlobalSection(SolutionProperties) = preSolution
		HideSolutionNode = FALSE
	EndGlobalSection
	GlobalSection(ExtensibilityGlobals) = postSolution
		SolutionGuid = {423A5472-FE5A-4355-B427-3E899444E354}
	EndGlobalSection
EndGlobal
