
Microsoft Visual Studio Solution File, Format Version 12.00
# Visual Studio Version 17
VisualStudioVersion = 17.11.35327.3
MinimumVisualStudioVersion = 10.0.40219.1
Project("{FAE04EC0-301F-11D3-BF4B-00C04F79EFBC}") = "MultiplosDe6", "MultiplosDe6\MultiplosDe6.csproj", "{B14FB2A9-F80B-4F5A-A8E5-A3B92B843E5D}"
EndProject
Global
	GlobalSection(SolutionConfigurationPlatforms) = preSolution
		Debug|Any CPU = Debug|Any CPU
		Release|Any CPU = Release|Any CPU
	EndGlobalSection
	GlobalSection(ProjectConfigurationPlatforms) = postSolution
		{B14FB2A9-F80B-4F5A-A8E5-A3B92B843E5D}.Debug|Any CPU.ActiveCfg = Debug|Any CPU
		{B14FB2A9-F80B-4F5A-A8E5-A3B92B843E5D}.Debug|Any CPU.Build.0 = Debug|Any CPU
		{B14FB2A9-F80B-4F5A-A8E5-A3B92B843E5D}.Release|Any CPU.ActiveCfg = Release|Any CPU
		{B14FB2A9-F80B-4F5A-A8E5-A3B92B843E5D}.Release|Any CPU.Build.0 = Release|Any CPU
	EndGlobalSection
	GlobalSection(SolutionProperties) = preSolution
		HideSolutionNode = FALSE
	EndGlobalSection
	GlobalSection(ExtensibilityGlobals) = postSolution
		SolutionGuid = {DFDAFD63-9CBD-461B-A832-50249B17D33E}
	EndGlobalSection
EndGlobal
