
Microsoft Visual Studio Solution File, Format Version 12.00
# Visual Studio Version 17
VisualStudioVersion = 17.12.35514.174 d17.12
MinimumVisualStudioVersion = 10.0.40219.1
Project("{FAE04EC0-301F-11D3-BF4B-00C04F79EFBC}") = "MatrizRotada90GradosALaDerecha", "MatrizRotada90GradosALaDerecha\MatrizRotada90GradosALaDerecha.csproj", "{728A2539-A937-4BC3-AE67-891B41E91426}"
EndProject
Global
	GlobalSection(SolutionConfigurationPlatforms) = preSolution
		Debug|Any CPU = Debug|Any CPU
		Release|Any CPU = Release|Any CPU
	EndGlobalSection
	GlobalSection(ProjectConfigurationPlatforms) = postSolution
		{728A2539-A937-4BC3-AE67-891B41E91426}.Debug|Any CPU.ActiveCfg = Debug|Any CPU
		{728A2539-A937-4BC3-AE67-891B41E91426}.Debug|Any CPU.Build.0 = Debug|Any CPU
		{728A2539-A937-4BC3-AE67-891B41E91426}.Release|Any CPU.ActiveCfg = Release|Any CPU
		{728A2539-A937-4BC3-AE67-891B41E91426}.Release|Any CPU.Build.0 = Release|Any CPU
	EndGlobalSection
	GlobalSection(SolutionProperties) = preSolution
		HideSolutionNode = FALSE
	EndGlobalSection
EndGlobal
